# This file was autogenerated by uv via the following command:
#    bazel run //requirements:requirements.update
cowsay==6.1 \
    --hash=sha256:274b1e6fc1b966d53976333eb90ac94cb07a450a700b455af9fbdf882244b30a
    # via -r requirements/requirements.in
markdown-it-py==4.0.0 \
    --hash=sha256:87327c59b172c5011896038353a81343b6754500a08cd7a4973bb48c6d578147 \
    --hash=sha256:cb0a2b4aa34f932c007117b194e945bd74e0ec24133ceb5bac59009cda1cb9f3
    # via rich
mdurl==0.1.2 \
    --hash=sha256:84008a41e51615a49fc9966191ff91509e3c40b939176e643fd50a5c2196b8f8 \
    --hash=sha256:bb413d29f5eea38f31dd4754dd7377d4465116fb207585f97bf925588687c1ba
    # via markdown-it-py
pygments==2.19.2 \
    --hash=sha256:636cb2477cec7f8952536970bc533bc43743542f70392ae026374600add5b887 \
    --hash=sha256:86540386c03d588bb81d44bc3928634ff26449851e99741617ecb9037ee5ec0b
    # via rich
rich==14.2.0 \
    --hash=sha256:73ff50c7c0c1c77c8243079283f4edb376f0f6442433aecb8ce7e6d0b92d1fe4 \
    --hash=sha256:76bc51fe2e57d2b1be1f96c524b890b816e334ab4c1e45888799bfaab0021edd
    # via -r requirements/requirements.in
